
Microsoft Visual Studio Solution File, Format Version 12.00
# Visual Studio Version 16
VisualStudioVersion = 16.0.34601.136
MinimumVisualStudioVersion = 10.0.40219.1
Project("{FAE04EC0-301F-11D3-BF4B-00C04F79EFBC}") = "TestHV", "TestHV\TestHV.csproj", "{E92B903B-0A73-4462-B47B-B453F224ED75}"
EndProject
Project("{FAE04EC0-301F-11D3-BF4B-00C04F79EFBC}") = "UNitTestHV", "UNitTestHV\UNitTestHV.csproj", "{8EA608BB-4115-465A-A911-2D0EBA122FAA}"
EndProject
Global
	GlobalSection(SolutionConfigurationPlatforms) = preSolution
		Debug|Any CPU = Debug|Any CPU
		Release|Any CPU = Release|Any CPU
	EndGlobalSection
	GlobalSection(ProjectConfigurationPlatforms) = postSolution
		{E92B903B-0A73-4462-B47B-B453F224ED75}.Debug|Any CPU.ActiveCfg = Debug|Any CPU
		{E92B903B-0A73-4462-B47B-B453F224ED75}.Debug|Any CPU.Build.0 = Debug|Any CPU
		{E92B903B-0A73-4462-B47B-B453F224ED75}.Release|Any CPU.ActiveCfg = Release|Any CPU
		{E92B903B-0A73-4462-B47B-B453F224ED75}.Release|Any CPU.Build.0 = Release|Any CPU
		{8EA608BB-4115-465A-A911-2D0EBA122FAA}.Debug|Any CPU.ActiveCfg = Debug|Any CPU
		{8EA608BB-4115-465A-A911-2D0EBA122FAA}.Debug|Any CPU.Build.0 = Debug|Any CPU
		{8EA608BB-4115-465A-A911-2D0EBA122FAA}.Release|Any CPU.ActiveCfg = Release|Any CPU
		{8EA608BB-4115-465A-A911-2D0EBA122FAA}.Release|Any CPU.Build.0 = Release|Any CPU
	EndGlobalSection
	GlobalSection(SolutionProperties) = preSolution
		HideSolutionNode = FALSE
	EndGlobalSection
	GlobalSection(ExtensibilityGlobals) = postSolution
		SolutionGuid = {637F23F6-BDD0-4B85-AE3C-0000A2F159DB}
	EndGlobalSection
EndGlobal
